<?xml version="1.0" encoding="utf-8"?>
<Project ToolsVersion="4.0" xmlns="http://schemas.microsoft.com/developer/msbuild/2003">
  <ItemGroup>
    <Filter Include="Source Files">
      <UniqueIdentifier>{4FC737F1-C7A5-4376-A066-2A32D752A2FF}</UniqueIdentifier>
      <Extensions>cpp;cxx;c;def</Extensions>
    </Filter>
    <Filter Include="Header Files">
      <UniqueIdentifier>{93995380-89BD-4b04-88EB-625FBE52EBFB}</UniqueIdentifier>
      <Extensions>h</Extensions>
    </Filter>
    <Filter Include="Form Files">
      <UniqueIdentifier>{99349809-55BA-4b9d-BF79-8FDBB0286EB3}</UniqueIdentifier>
      <Extensions>ui</Extensions>
    </Filter>
    <Filter Include="Resource Files">
      <UniqueIdentifier>{D9D6E242-F8AF-46E4-B9FD-80ECBC20BA3E}</UniqueIdentifier>
      <Extensions>qrc;*</Extensions>
      <ParseFiles>false</ParseFiles>
    </Filter>
    <Filter Include="Generated Files">
      <UniqueIdentifier>{71ED8ED8-ACB9-4CE9-BBE1-E00B30144E11}</UniqueIdentifier>
      <Extensions>moc;h;cpp</Extensions>
      <SourceControlFiles>False</SourceControlFiles>
    </Filter>
    <Filter Include="Generated Files\Debug">
      <UniqueIdentifier>{679e7842-d42e-4250-830b-ce77b4f59b25}</UniqueIdentifier>
      <Extensions>cpp;moc</Extensions>
      <SourceControlFiles>False</SourceControlFiles>
    </Filter>
    <Filter Include="Generated Files\Release">
      <UniqueIdentifier>{02f9ce1b-f06e-4a44-ae4c-6f035b3eaae4}</UniqueIdentifier>
      <Extensions>cpp;moc</Extensions>
      <SourceControlFiles>False</SourceControlFiles>
    </Filter>
    <Filter Include="Shaders">
      <UniqueIdentifier>{ffc6bbc6-8380-4e16-aef3-40dfa553acca}</UniqueIdentifier>
    </Filter>
    <Filter Include="Math">
      <UniqueIdentifier>{a35e2870-b001-478b-a530-d3c88dfd25aa}</UniqueIdentifier>
    </Filter>
  </ItemGroup>
  <ItemGroup>
    <ClCompile Include="main.cpp">
      <Filter>Source Files</Filter>
    </ClCompile>
    <ClCompile Include="editor02.cpp">
      <Filter>Source Files</Filter>
    </ClCompile>
    <ClCompile Include="GeneratedFiles\Debug\moc_editor02.cpp">
      <Filter>Generated Files\Debug</Filter>
    </ClCompile>
    <ClCompile Include="GeneratedFiles\Release\moc_editor02.cpp">
      <Filter>Generated Files\Release</Filter>
    </ClCompile>
    <ClCompile Include="GeneratedFiles\qrc_editor02.cpp">
      <Filter>Generated Files</Filter>
    </ClCompile>
    <ClCompile Include="glwidget.cpp">
      <Filter>Source Files</Filter>
    </ClCompile>
    <ClCompile Include="GeneratedFiles\Debug\moc_glwidget.cpp">
      <Filter>Generated Files\Debug</Filter>
    </ClCompile>
    <ClCompile Include="GeneratedFiles\Release\moc_glwidget.cpp">
      <Filter>Generated Files\Release</Filter>
    </ClCompile>
    <ClCompile Include="StaticMeshSubset.cpp">
      <Filter>Source Files</Filter>
    </ClCompile>
    <ClCompile Include="Shader.cpp">
      <Filter>Source Files</Filter>
    </ClCompile>
    <ClCompile Include="StaticMesh.cpp">
      <Filter>Source Files</Filter>
    </ClCompile>
    <ClCompile Include="Texture2D.cpp">
      <Filter>Source Files</Filter>
    </ClCompile>
    <ClCompile Include="FPSCamera.cpp">
      <Filter>Source Files</Filter>
    </ClCompile>
    <ClCompile Include="SceneManager.cpp">
      <Filter>Source Files</Filter>
    </ClCompile>
    <ClCompile Include="MaterialManager.cpp">
      <Filter>Source Files</Filter>
    </ClCompile>
    <ClCompile Include="Terrain.cpp">
      <Filter>Source Files</Filter>
    </ClCompile>
    <ClCompile Include="Frustum.cpp">
      <Filter>Source Files</Filter>
    </ClCompile>
    <ClCompile Include="Water.cpp">
      <Filter>Source Files</Filter>
    </ClCompile>
    <ClCompile Include="CubeTexture.cpp">
      <Filter>Source Files</Filter>
    </ClCompile>
    <ClCompile Include="Skybox.cpp">
      <Filter>Source Files</Filter>
    </ClCompile>
    <ClCompile Include="TerrainV2.cpp">
      <Filter>Source Files</Filter>
    </ClCompile>
    <ClCompile Include="draglistwidget.cpp">
      <Filter>Source Files</Filter>
    </ClCompile>
    <ClCompile Include="GeneratedFiles\Debug\moc_draglistwidget.cpp">
      <Filter>Generated Files\Debug</Filter>
    </ClCompile>
    <ClCompile Include="GeneratedFiles\Release\moc_draglistwidget.cpp">
      <Filter>Generated Files\Release</Filter>
    </ClCompile>
    <ClCompile Include="ShaderManager.cpp">
      <Filter>Source Files</Filter>
    </ClCompile>
    <ClCompile Include="ShadowMapping.cpp">
      <Filter>Shaders</Filter>
    </ClCompile>
    <ClCompile Include="FullScreenQuad.cpp">
      <Filter>Shaders</Filter>
    </ClCompile>
    <ClCompile Include="FrameBuffer.cpp">
      <Filter>Shaders</Filter>
    </ClCompile>
    <ClCompile Include="TextureManager.cpp">
      <Filter>Source Files</Filter>
    </ClCompile>
    <ClCompile Include="TexturedModelShader.cpp">
      <Filter>Shaders</Filter>
    </ClCompile>
    <ClCompile Include="PhysXCollision.cpp">
      <Filter>Source Files</Filter>
    </ClCompile>
    <ClCompile Include="StaticModelData.cpp">
      <Filter>Source Files</Filter>
    </ClCompile>
    <ClCompile Include="ModelManager.cpp">
      <Filter>Source Files</Filter>
    </ClCompile>
    <ClCompile Include="VertexColorShader.cpp">
      <Filter>Shaders</Filter>
    </ClCompile>
    <ClCompile Include="BoundingBox.cpp">
      <Filter>Math</Filter>
    </ClCompile>
    <ClCompile Include="Ray.cpp">
      <Filter>Math</Filter>
    </ClCompile>
    <ClCompile Include="RayPicker.cpp">
      <Filter>Math</Filter>
    </ClCompile>
    <ClCompile Include="SkinnedMesh.cpp">
      <Filter>Header Files</Filter>
    </ClCompile>
    <ClCompile Include="SkinnedMeshShader.cpp">
      <Filter>Shaders</Filter>
    </ClCompile>
    <ClCompile Include="CreateMeshImage.cpp">
      <Filter>Source Files</Filter>
    </ClCompile>
    <ClCompile Include="SkinnedMeshEvaluator.cpp">
      <Filter>Source Files</Filter>
    </ClCompile>
    <ClCompile Include="SkinnedMeshAnimator.cpp">
      <Filter>Source Files</Filter>
    </ClCompile>
    <ClCompile Include="InstancedStaticMeshSubset.cpp">
      <Filter>Source Files</Filter>
    </ClCompile>
    <ClCompile Include="InstancedStaticModelData.cpp">
      <Filter>Source Files</Filter>
    </ClCompile>
    <ClCompile Include="InstancedStaticMesh.cpp">
      <Filter>Source Files</Filter>
    </ClCompile>
    <ClCompile Include="InstancingShader.cpp">
      <Filter>Shaders</Filter>
    </ClCompile>
    <ClCompile Include="AIPath.cpp">
      <Filter>Source Files</Filter>
    </ClCompile>
    <ClCompile Include="createnewlevel.cpp">
      <Filter>Source Files</Filter>
    </ClCompile>
    <ClCompile Include="GeneratedFiles\Debug\moc_createnewlevel.cpp">
      <Filter>Generated Files\Debug</Filter>
    </ClCompile>
    <ClCompile Include="GeneratedFiles\Release\moc_createnewlevel.cpp">
      <Filter>Generated Files\Release</Filter>
    </ClCompile>
    <ClCompile Include="AnimationController.cpp">
      <Filter>Source Files</Filter>
    </ClCompile>
    <ClCompile Include="Engine.cpp">
      <Filter>Source Files</Filter>
    </ClCompile>
    <ClCompile Include="ShaderProgram.cpp">
      <Filter>Source Files</Filter>
    </ClCompile>
    <ClCompile Include="RotationTool.cpp">
      <Filter>Source Files</Filter>
    </ClCompile>
    <ClCompile Include="TranslationTool.cpp">
      <Filter>Source Files</Filter>
    </ClCompile>
    <ClCompile Include="HelperMethods.cpp">
      <Filter>Math</Filter>
    </ClCompile>
    <ClCompile Include="IEventListener.cpp">
      <Filter>Source Files</Filter>
    </ClCompile>
    <ClCompile Include="Creature.cpp">
      <Filter>Source Files</Filter>
    </ClCompile>
    <ClCompile Include="EventManager.cpp">
      <Filter>Source Files</Filter>
    </ClCompile>
    <ClCompile Include="Player.cpp">
      <Filter>Source Files</Filter>
    </ClCompile>
  </ItemGroup>
  <ItemGroup>
    <CustomBuild Include="editor02.h">
      <Filter>Header Files</Filter>
    </CustomBuild>
    <CustomBuild Include="editor02.ui">
      <Filter>Form Files</Filter>
    </CustomBuild>
    <CustomBuild Include="editor02.qrc">
      <Filter>Resource Files</Filter>
    </CustomBuild>
    <CustomBuild Include="glwidget.h">
      <Filter>Header Files</Filter>
    </CustomBuild>
    <CustomBuild Include="draglistwidget.h">
      <Filter>Header Files</Filter>
    </CustomBuild>
    <CustomBuild Include="createnewlevel.h">
      <Filter>Header Files</Filter>
    </CustomBuild>
    <CustomBuild Include="createnewlevel.ui">
      <Filter>Form Files</Filter>
    </CustomBuild>
  </ItemGroup>
  <ItemGroup>
    <ClInclude Include="GeneratedFiles\ui_editor02.h">
      <Filter>Generated Files</Filter>
    </ClInclude>
    <ClInclude Include="StaticMeshSubset.h">
      <Filter>Header Files</Filter>
    </ClInclude>
    <ClInclude Include="Shader.h">
      <Filter>Header Files</Filter>
    </ClInclude>
    <ClInclude Include="StaticMesh.h">
      <Filter>Header Files</Filter>
    </ClInclude>
    <ClInclude Include="Texture2D.h">
      <Filter>Header Files</Filter>
    </ClInclude>
    <ClInclude Include="FPSCamera.h">
      <Filter>Header Files</Filter>
    </ClInclude>
    <ClInclude Include="SceneManager.h">
      <Filter>Header Files</Filter>
    </ClInclude>
    <ClInclude Include="Material.h">
      <Filter>Header Files</Filter>
    </ClInclude>
    <ClInclude Include="MaterialManager.h">
      <Filter>Header Files</Filter>
    </ClInclude>
    <ClInclude Include="Terrain.h">
      <Filter>Header Files</Filter>
    </ClInclude>
    <ClInclude Include="Frustum.h">
      <Filter>Header Files</Filter>
    </ClInclude>
    <ClInclude Include="TerrainZone.h">
      <Filter>Header Files</Filter>
    </ClInclude>
    <ClInclude Include="Water.h">
      <Filter>Header Files</Filter>
    </ClInclude>
    <ClInclude Include="CubeTexture.h">
      <Filter>Header Files</Filter>
    </ClInclude>
    <ClInclude Include="Skybox.h">
      <Filter>Header Files</Filter>
    </ClInclude>
    <ClInclude Include="TerrainV2.h">
      <Filter>Header Files</Filter>
    </ClInclude>
    <ClInclude Include="ShaderManager.h">
      <Filter>Header Files</Filter>
    </ClInclude>
    <ClInclude Include="ShadowMapping.h">
      <Filter>Shaders</Filter>
    </ClInclude>
    <ClInclude Include="FullScreenQuad.h">
      <Filter>Shaders</Filter>
    </ClInclude>
    <ClInclude Include="FrameBuffer.h">
      <Filter>Shaders</Filter>
    </ClInclude>
    <ClInclude Include="IShader.h">
      <Filter>Shaders</Filter>
    </ClInclude>
    <ClInclude Include="TextureManager.h">
      <Filter>Header Files</Filter>
    </ClInclude>
    <ClInclude Include="TexturedModelShader.h">
      <Filter>Shaders</Filter>
    </ClInclude>
    <ClInclude Include="PhysXCollision.h">
      <Filter>Header Files</Filter>
    </ClInclude>
    <ClInclude Include="BoundingBox.h">
      <Filter>Math</Filter>
    </ClInclude>
    <ClInclude Include="TranslationTool.h">
      <Filter>Header Files</Filter>
    </ClInclude>
    <ClInclude Include="StaticModelData.h">
      <Filter>Header Files</Filter>
    </ClInclude>
    <ClInclude Include="ModelManager.h">
      <Filter>Header Files</Filter>
    </ClInclude>
    <ClInclude Include="VertexColorShader.h">
      <Filter>Shaders</Filter>
    </ClInclude>
    <ClInclude Include="Ray.h">
      <Filter>Math</Filter>
    </ClInclude>
    <ClInclude Include="RayPicker.h">
      <Filter>Math</Filter>
    </ClInclude>
    <ClInclude Include="SkinnedMesh.h">
      <Filter>Header Files</Filter>
    </ClInclude>
    <ClInclude Include="SkinnedMeshShader.h">
      <Filter>Shaders</Filter>
    </ClInclude>
    <ClInclude Include="AIPath.h">
      <Filter>Header Files</Filter>
    </ClInclude>
    <ClInclude Include="CreateMeshImage.h">
      <Filter>Header Files</Filter>
    </ClInclude>
    <ClInclude Include="SkinnedMeshEvaluator.h">
      <Filter>Header Files</Filter>
    </ClInclude>
    <ClInclude Include="SkinnedMeshAnimator.h">
      <Filter>Header Files</Filter>
    </ClInclude>
    <ClInclude Include="InstancedStaticMeshSubset.h">
      <Filter>Header Files</Filter>
    </ClInclude>
    <ClInclude Include="InstancedStaticMesh.h">
      <Filter>Header Files</Filter>
    </ClInclude>
    <ClInclude Include="InstancedStaticModelData.h">
      <Filter>Header Files</Filter>
    </ClInclude>
    <ClInclude Include="InstancingShader.h">
      <Filter>Shaders</Filter>
    </ClInclude>
    <ClInclude Include="VertexDataTypes.h">
      <Filter>Header Files</Filter>
    </ClInclude>
    <ClInclude Include="resource.h">
      <Filter>Header Files</Filter>
    </ClInclude>
    <ClInclude Include="GeneratedFiles\ui_createnewlevel.h">
      <Filter>Generated Files</Filter>
    </ClInclude>
    <ClInclude Include="AnimationController.h">
      <Filter>Header Files</Filter>
    </ClInclude>
    <ClInclude Include="BoundingSphere.h">
      <Filter>Math</Filter>
    </ClInclude>
    <ClInclude Include="Engine.h">
      <Filter>Header Files</Filter>
    </ClInclude>
    <ClInclude Include="IShader2.h">
      <Filter>Header Files</Filter>
    </ClInclude>
    <ClInclude Include="RotationTool.h">
      <Filter>Header Files</Filter>
    </ClInclude>
    <ClInclude Include="HelperMethods.h">
      <Filter>Math</Filter>
    </ClInclude>
    <ClInclude Include="Creature.h">
      <Filter>Header Files</Filter>
    </ClInclude>
    <ClInclude Include="IEventListener.h">
      <Filter>Header Files</Filter>
    </ClInclude>
    <ClInclude Include="EventManager.h">
      <Filter>Header Files</Filter>
    </ClInclude>
    <ClInclude Include="Player.h">
      <Filter>Header Files</Filter>
    </ClInclude>
  </ItemGroup>
  <ItemGroup>
    <ResourceCompile Include="editor02.rc" />
  </ItemGroup>
</Project>